{
  "protocolVersion": 2,
  "schema": "sha256-909eb5099d06ad3bda99fea77063555f3a22060cf012259f3d728ebd7f434b11",
  "commands": 52,
  "topics": 5,
  "events": 22,
  "types": 132,
  "files": {
    "app/src/generated/protocol.ts": "sha256-ee4c0249a00d7b8a371ec2d75a2c3b1ea1254007a4fc8e16e22cb52d82087639",
    "core/src/protocol.rs": "sha256-3fbdd2393359145c7bca66a0f03cd68f423feb310eb3ca9f8ffdee80c41a0e97"
  }
}
