{
  "protocolVersion": 2,
  "schema": "sha256-fcac2d7f079d26bf07380c3bd71bdf1a1d3400025bf41f60583e4ebf255fcad8",
  "commands": 50,
  "topics": 5,
  "events": 22,
  "types": 124,
  "files": {
    "app/src/generated/protocol.ts": "sha256-592ec9d885c0d8c8b591fadc0e3e46bdaee4e1874945be683d8dc31f2b8c713b",
    "core/src/protocol.rs": "sha256-49d05e3403866334ca877d448680a4c54652054c9fa4242d174f3164cc97ef90"
  }
}
